
Microsoft Visual Studio Solution File, Format Version 12.00
# Visual Studio Version 17
VisualStudioVersion = 17.2.32516.85
MinimumVisualStudioVersion = 10.0.40219.1
Project("{2150E333-8FDC-42A3-9474-1A3956D46DE8}") = "BetterAmazon.Web", "BetterAmazon.Web", "{984336F3-5BA3-4C45-813F-3538027E57AC}"
EndProject
Project("{9A19103F-16F7-4668-BE54-9A1E7A4F7556}") = "BetterAmazon.Models.DTO", "BetterAmazon.Models.DTOs\BetterAmazon.Models.DTO.csproj", "{A75868D4-4C18-4819-A40E-6011C3AFEA1C}"
EndProject
Project("{9A19103F-16F7-4668-BE54-9A1E7A4F7556}") = "BetterAmazon.Services", "BetterAmazon.Services\BetterAmazon.Services.csproj", "{0DB670EE-54E0-4762-961D-851C2EBF2CE4}"
EndProject
Project("{9A19103F-16F7-4668-BE54-9A1E7A4F7556}") = "BetterAmazon.Data", "BetterAmazon.Data\BetterAmazon.Data.csproj", "{30172053-BEFB-4142-80D2-904F29C1E9D9}"
EndProject
Project("{9A19103F-16F7-4668-BE54-9A1E7A4F7556}") = "BetterAmazon.Scrapers", "BetterAmazon.Scrapers\BetterAmazon.Scrapers.csproj", "{EB4F1C72-DD8F-4CE5-9E6D-4EDA3BEE4432}"
EndProject
Project("{9A19103F-16F7-4668-BE54-9A1E7A4F7556}") = "BetterAmazon.Client", "BetterAmazon.Web\Client\BetterAmazon.Client.csproj", "{92A0F39B-E6B5-408B-B14D-546FB1A7DADE}"
EndProject
Project("{9A19103F-16F7-4668-BE54-9A1E7A4F7556}") = "BetterAmazon.Server", "BetterAmazon.Web\Server\BetterAmazon.Server.csproj", "{284E50AB-40DA-4F1A-BB72-AB832FF8DE04}"
EndProject
Global
	GlobalSection(SolutionConfigurationPlatforms) = preSolution
		Debug|Any CPU = Debug|Any CPU
		Release|Any CPU = Release|Any CPU
	EndGlobalSection
	GlobalSection(ProjectConfigurationPlatforms) = postSolution
		{A75868D4-4C18-4819-A40E-6011C3AFEA1C}.Debug|Any CPU.ActiveCfg = Debug|Any CPU
		{A75868D4-4C18-4819-A40E-6011C3AFEA1C}.Debug|Any CPU.Build.0 = Debug|Any CPU
		{A75868D4-4C18-4819-A40E-6011C3AFEA1C}.Release|Any CPU.ActiveCfg = Release|Any CPU
		{A75868D4-4C18-4819-A40E-6011C3AFEA1C}.Release|Any CPU.Build.0 = Release|Any CPU
		{0DB670EE-54E0-4762-961D-851C2EBF2CE4}.Debug|Any CPU.ActiveCfg = Debug|Any CPU
		{0DB670EE-54E0-4762-961D-851C2EBF2CE4}.Debug|Any CPU.Build.0 = Debug|Any CPU
		{0DB670EE-54E0-4762-961D-851C2EBF2CE4}.Release|Any CPU.ActiveCfg = Release|Any CPU
		{0DB670EE-54E0-4762-961D-851C2EBF2CE4}.Release|Any CPU.Build.0 = Release|Any CPU
		{30172053-BEFB-4142-80D2-904F29C1E9D9}.Debug|Any CPU.ActiveCfg = Debug|Any CPU
		{30172053-BEFB-4142-80D2-904F29C1E9D9}.Debug|Any CPU.Build.0 = Debug|Any CPU
		{30172053-BEFB-4142-80D2-904F29C1E9D9}.Release|Any CPU.ActiveCfg = Release|Any CPU
		{30172053-BEFB-4142-80D2-904F29C1E9D9}.Release|Any CPU.Build.0 = Release|Any CPU
		{EB4F1C72-DD8F-4CE5-9E6D-4EDA3BEE4432}.Debug|Any CPU.ActiveCfg = Debug|Any CPU
		{EB4F1C72-DD8F-4CE5-9E6D-4EDA3BEE4432}.Debug|Any CPU.Build.0 = Debug|Any CPU
		{EB4F1C72-DD8F-4CE5-9E6D-4EDA3BEE4432}.Release|Any CPU.ActiveCfg = Release|Any CPU
		{EB4F1C72-DD8F-4CE5-9E6D-4EDA3BEE4432}.Release|Any CPU.Build.0 = Release|Any CPU
		{92A0F39B-E6B5-408B-B14D-546FB1A7DADE}.Debug|Any CPU.ActiveCfg = Debug|Any CPU
		{92A0F39B-E6B5-408B-B14D-546FB1A7DADE}.Debug|Any CPU.Build.0 = Debug|Any CPU
		{92A0F39B-E6B5-408B-B14D-546FB1A7DADE}.Release|Any CPU.ActiveCfg = Release|Any CPU
		{92A0F39B-E6B5-408B-B14D-546FB1A7DADE}.Release|Any CPU.Build.0 = Release|Any CPU
		{284E50AB-40DA-4F1A-BB72-AB832FF8DE04}.Debug|Any CPU.ActiveCfg = Debug|Any CPU
		{284E50AB-40DA-4F1A-BB72-AB832FF8DE04}.Debug|Any CPU.Build.0 = Debug|Any CPU
		{284E50AB-40DA-4F1A-BB72-AB832FF8DE04}.Release|Any CPU.ActiveCfg = Release|Any CPU
		{284E50AB-40DA-4F1A-BB72-AB832FF8DE04}.Release|Any CPU.Build.0 = Release|Any CPU
	EndGlobalSection
	GlobalSection(SolutionProperties) = preSolution
		HideSolutionNode = FALSE
	EndGlobalSection
	GlobalSection(NestedProjects) = preSolution
		{92A0F39B-E6B5-408B-B14D-546FB1A7DADE} = {984336F3-5BA3-4C45-813F-3538027E57AC}
		{284E50AB-40DA-4F1A-BB72-AB832FF8DE04} = {984336F3-5BA3-4C45-813F-3538027E57AC}
	EndGlobalSection
	GlobalSection(ExtensibilityGlobals) = postSolution
		SolutionGuid = {0D38C34B-FBF9-413C-A473-7992B3749983}
	EndGlobalSection
EndGlobal
